
Microsoft Visual Studio Solution File, Format Version 12.00
# Visual Studio Version 17
VisualStudioVersion = 17.4.33122.133
MinimumVisualStudioVersion = 10.0.40219.1
Project("{888888A0-9F3D-457C-B088-3A5042F75D52}") = "hw2E1", "hw2E1\hw2E1.pyproj", "{1EA1802D-DE47-4D44-9283-780FEED5ECF7}"
EndProject
Global
	GlobalSection(SolutionConfigurationPlatforms) = preSolution
		Debug|Any CPU = Debug|Any CPU
		Release|Any CPU = Release|Any CPU
	EndGlobalSection
	GlobalSection(ProjectConfigurationPlatforms) = postSolution
		{1EA1802D-DE47-4D44-9283-780FEED5ECF7}.Debug|Any CPU.ActiveCfg = Debug|Any CPU
		{1EA1802D-DE47-4D44-9283-780FEED5ECF7}.Release|Any CPU.ActiveCfg = Release|Any CPU
	EndGlobalSection
	GlobalSection(SolutionProperties) = preSolution
		HideSolutionNode = FALSE
	EndGlobalSection
	GlobalSection(ExtensibilityGlobals) = postSolution
		SolutionGuid = {CF5A0670-9F2D-492B-8BB2-9BE6991BCE12}
	EndGlobalSection
EndGlobal
