
Microsoft Visual Studio Solution File, Format Version 12.00
# Visual Studio Version 17
VisualStudioVersion = 17.4.33122.133
MinimumVisualStudioVersion = 10.0.40219.1
Project("{888888A0-9F3D-457C-B088-3A5042F75D52}") = "Hw1E1", "Hw1E1\Hw1E1.pyproj", "{242D4DE8-CBA7-47D1-9278-9E8EB3107147}"
EndProject
Global
	GlobalSection(SolutionConfigurationPlatforms) = preSolution
		Debug|Any CPU = Debug|Any CPU
		Release|Any CPU = Release|Any CPU
	EndGlobalSection
	GlobalSection(ProjectConfigurationPlatforms) = postSolution
		{242D4DE8-CBA7-47D1-9278-9E8EB3107147}.Debug|Any CPU.ActiveCfg = Debug|Any CPU
		{242D4DE8-CBA7-47D1-9278-9E8EB3107147}.Release|Any CPU.ActiveCfg = Release|Any CPU
	EndGlobalSection
	GlobalSection(SolutionProperties) = preSolution
		HideSolutionNode = FALSE
	EndGlobalSection
	GlobalSection(ExtensibilityGlobals) = postSolution
		SolutionGuid = {4F13BB14-5992-4463-8647-1F786C41B7EA}
	EndGlobalSection
EndGlobal
